
Microsoft Visual Studio Solution File, Format Version 12.00
# Visual Studio Version 16
VisualStudioVersion = 16.0.31205.134
MinimumVisualStudioVersion = 10.0.40219.1
Project("{FAE04EC0-301F-11D3-BF4B-00C04F79EFBC}") = "TesGithubAction", "TesGithubAction\TesGithubAction.csproj", "{99B46784-2ECC-4C10-88AF-33F71AF9C393}"
EndProject
Global
	GlobalSection(SolutionConfigurationPlatforms) = preSolution
		Debug|Any CPU = Debug|Any CPU
		Release|Any CPU = Release|Any CPU
	EndGlobalSection
	GlobalSection(ProjectConfigurationPlatforms) = postSolution
		{99B46784-2ECC-4C10-88AF-33F71AF9C393}.Debug|Any CPU.ActiveCfg = Debug|Any CPU
		{99B46784-2ECC-4C10-88AF-33F71AF9C393}.Debug|Any CPU.Build.0 = Debug|Any CPU
		{99B46784-2ECC-4C10-88AF-33F71AF9C393}.Release|Any CPU.ActiveCfg = Release|Any CPU
		{99B46784-2ECC-4C10-88AF-33F71AF9C393}.Release|Any CPU.Build.0 = Release|Any CPU
	EndGlobalSection
	GlobalSection(SolutionProperties) = preSolution
		HideSolutionNode = FALSE
	EndGlobalSection
	GlobalSection(ExtensibilityGlobals) = postSolution
		SolutionGuid = {7C0C7F54-C193-4664-B693-40144CEC73ED}
	EndGlobalSection
EndGlobal
